// !$*UTF8*$!
{
	archiveVersion = 1;
	classes = {
	};
	objectVersion = 50;
	objects = {

/* Begin PBXBuildFile section */
		3152603024097797001E4657 /* AppDelegate.swift in Sources */ = {isa = PBXBuildFile; fileRef = 3152602F24097797001E4657 /* AppDelegate.swift */; };
		3152603224097797001E4657 /* SceneDelegate.swift in Sources */ = {isa = PBXBuildFile; fileRef = 3152603124097797001E4657 /* SceneDelegate.swift */; };
		315260392409779C001E4657 /* Assets.xcassets in Resources */ = {isa = PBXBuildFile; fileRef = 315260382409779C001E4657 /* Assets.xcassets */; };
		3152603C2409779C001E4657 /* LaunchScreen.storyboard in Resources */ = {isa = PBXBuildFile; fileRef = 3152603A2409779C001E4657 /* LaunchScreen.storyboard */; };
		315260472409779C001E4657 /* JavaKeywordsTests.swift in Sources */ = {isa = PBXBuildFile; fileRef = 315260462409779C001E4657 /* JavaKeywordsTests.swift */; };
		315260522409779C001E4657 /* JavaKeywordsUITests.swift in Sources */ = {isa = PBXBuildFile; fileRef = 315260512409779C001E4657 /* JavaKeywordsUITests.swift */; };
		3152606624098158001E4657 /* Coordinator.swift in Sources */ = {isa = PBXBuildFile; fileRef = 3152606524098158001E4657 /* Coordinator.swift */; };
		315260682409816D001E4657 /* MainCoordinator.swift in Sources */ = {isa = PBXBuildFile; fileRef = 315260672409816D001E4657 /* MainCoordinator.swift */; };
		31526071240986F9001E4657 /* KeywordsViewController.swift in Sources */ = {isa = PBXBuildFile; fileRef = 3152606F240986F9001E4657 /* KeywordsViewController.swift */; };
		31526072240986F9001E4657 /* KeywordsViewController.xib in Resources */ = {isa = PBXBuildFile; fileRef = 31526070240986F9001E4657 /* KeywordsViewController.xib */; };
/* End PBXBuildFile section */

/* Begin PBXContainerItemProxy section */
		315260432409779C001E4657 /* PBXContainerItemProxy */ = {
			isa = PBXContainerItemProxy;
			containerPortal = 3152602424097797001E4657 /* Project object */;
			proxyType = 1;
			remoteGlobalIDString = 3152602B24097797001E4657;
			remoteInfo = JavaKeywords;
		};
		3152604E2409779C001E4657 /* PBXContainerItemProxy */ = {
			isa = PBXContainerItemProxy;
			containerPortal = 3152602424097797001E4657 /* Project object */;
			proxyType = 1;
			remoteGlobalIDString = 3152602B24097797001E4657;
			remoteInfo = JavaKeywords;
		};
/* End PBXContainerItemProxy section */

/* Begin PBXFileReference section */
		3152602C24097797001E4657 /* JavaKeywords.app */ = {isa = PBXFileReference; explicitFileType = wrapper.application; includeInIndex = 0; path = JavaKeywords.app; sourceTree = BUILT_PRODUCTS_DIR; };
		3152602F24097797001E4657 /* AppDelegate.swift */ = {isa = PBXFileReference; lastKnownFileType = sourcecode.swift; path = AppDelegate.swift; sourceTree = "<group>"; };
		3152603124097797001E4657 /* SceneDelegate.swift */ = {isa = PBXFileReference; lastKnownFileType = sourcecode.swift; path = SceneDelegate.swift; sourceTree = "<group>"; };
		315260382409779C001E4657 /* Assets.xcassets */ = {isa = PBXFileReference; lastKnownFileType = folder.assetcatalog; path = Assets.xcassets; sourceTree = "<group>"; };
		3152603B2409779C001E4657 /* Base */ = {isa = PBXFileReference; lastKnownFileType = file.storyboard; name = Base; path = Base.lproj/LaunchScreen.storyboard; sourceTree = "<group>"; };
		3152603D2409779C001E4657 /* Info.plist */ = {isa = PBXFileReference; lastKnownFileType = text.plist.xml; path = Info.plist; sourceTree = "<group>"; };
		315260422409779C001E4657 /* JavaKeywordsTests.xctest */ = {isa = PBXFileReference; explicitFileType = wrapper.cfbundle; includeInIndex = 0; path = JavaKeywordsTests.xctest; sourceTree = BUILT_PRODUCTS_DIR; };
		315260462409779C001E4657 /* JavaKeywordsTests.swift */ = {isa = PBXFileReference; lastKnownFileType = sourcecode.swift; path = JavaKeywordsTests.swift; sourceTree = "<group>"; };
		315260482409779C001E4657 /* Info.plist */ = {isa = PBXFileReference; lastKnownFileType = text.plist.xml; path = Info.plist; sourceTree = "<group>"; };
		3152604D2409779C001E4657 /* JavaKeywordsUITests.xctest */ = {isa = PBXFileReference; explicitFileType = wrapper.cfbundle; includeInIndex = 0; path = JavaKeywordsUITests.xctest; sourceTree = BUILT_PRODUCTS_DIR; };
		315260512409779C001E4657 /* JavaKeywordsUITests.swift */ = {isa = PBXFileReference; lastKnownFileType = sourcecode.swift; path = JavaKeywordsUITests.swift; sourceTree = "<group>"; };
		315260532409779C001E4657 /* Info.plist */ = {isa = PBXFileReference; lastKnownFileType = text.plist.xml; path = Info.plist; sourceTree = "<group>"; };
		3152606524098158001E4657 /* Coordinator.swift */ = {isa = PBXFileReference; lastKnownFileType = sourcecode.swift; path = Coordinator.swift; sourceTree = "<group>"; };
		315260672409816D001E4657 /* MainCoordinator.swift */ = {isa = PBXFileReference; lastKnownFileType = sourcecode.swift; path = MainCoordinator.swift; sourceTree = "<group>"; };
		3152606F240986F9001E4657 /* KeywordsViewController.swift */ = {isa = PBXFileReference; lastKnownFileType = sourcecode.swift; name = KeywordsViewController.swift; path = JavaKeywords/Flow/KeywordsViewController.swift; sourceTree = SOURCE_ROOT; };
		31526070240986F9001E4657 /* KeywordsViewController.xib */ = {isa = PBXFileReference; lastKnownFileType = file.xib; name = KeywordsViewController.xib; path = JavaKeywords/Flow/KeywordsViewController.xib; sourceTree = SOURCE_ROOT; };
/* End PBXFileReference section */

/* Begin PBXFrameworksBuildPhase section */
		3152602924097797001E4657 /* Frameworks */ = {
			isa = PBXFrameworksBuildPhase;
			buildActionMask = 2147483647;
			files = (
			);
			runOnlyForDeploymentPostprocessing = 0;
		};
		3152603F2409779C001E4657 /* Frameworks */ = {
			isa = PBXFrameworksBuildPhase;
			buildActionMask = 2147483647;
			files = (
			);
			runOnlyForDeploymentPostprocessing = 0;
		};
		3152604A2409779C001E4657 /* Frameworks */ = {
			isa = PBXFrameworksBuildPhase;
			buildActionMask = 2147483647;
			files = (
			);
			runOnlyForDeploymentPostprocessing = 0;
		};
/* End PBXFrameworksBuildPhase section */

/* Begin PBXGroup section */
		3152602324097797001E4657 = {
			isa = PBXGroup;
			children = (
				3152602E24097797001E4657 /* JavaKeywords */,
				315260452409779C001E4657 /* JavaKeywordsTests */,
				315260502409779C001E4657 /* JavaKeywordsUITests */,
				3152602D24097797001E4657 /* Products */,
			);
			sourceTree = "<group>";
		};
		3152602D24097797001E4657 /* Products */ = {
			isa = PBXGroup;
			children = (
				3152602C24097797001E4657 /* JavaKeywords.app */,
				315260422409779C001E4657 /* JavaKeywordsTests.xctest */,
				3152604D2409779C001E4657 /* JavaKeywordsUITests.xctest */,
			);
			name = Products;
			sourceTree = "<group>";
		};
		3152602E24097797001E4657 /* JavaKeywords */ = {
			isa = PBXGroup;
			children = (
				315260732409876E001E4657 /* Keys */,
				3152606D24098564001E4657 /* Service */,
				3152606C24098560001E4657 /* Model */,
				3152606B2409855C001E4657 /* ViewModel */,
				3152606A24098555001E4657 /* View */,
				3152606424098144001E4657 /* Flow */,
				3152602F24097797001E4657 /* AppDelegate.swift */,
				3152603124097797001E4657 /* SceneDelegate.swift */,
				315260382409779C001E4657 /* Assets.xcassets */,
				3152603A2409779C001E4657 /* LaunchScreen.storyboard */,
				3152603D2409779C001E4657 /* Info.plist */,
			);
			path = JavaKeywords;
			sourceTree = "<group>";
		};
		315260452409779C001E4657 /* JavaKeywordsTests */ = {
			isa = PBXGroup;
			children = (
				315260462409779C001E4657 /* JavaKeywordsTests.swift */,
				315260482409779C001E4657 /* Info.plist */,
			);
			path = JavaKeywordsTests;
			sourceTree = "<group>";
		};
		315260502409779C001E4657 /* JavaKeywordsUITests */ = {
			isa = PBXGroup;
			children = (
				315260512409779C001E4657 /* JavaKeywordsUITests.swift */,
				315260532409779C001E4657 /* Info.plist */,
			);
			path = JavaKeywordsUITests;
			sourceTree = "<group>";
		};
		3152606424098144001E4657 /* Flow */ = {
			isa = PBXGroup;
			children = (
				3152606524098158001E4657 /* Coordinator.swift */,
				315260672409816D001E4657 /* MainCoordinator.swift */,
			);
			path = Flow;
			sourceTree = "<group>";
		};
		3152606A24098555001E4657 /* View */ = {
			isa = PBXGroup;
			children = (
				3152606F240986F9001E4657 /* KeywordsViewController.swift */,
				31526070240986F9001E4657 /* KeywordsViewController.xib */,
			);
			path = View;
			sourceTree = "<group>";
		};
		3152606B2409855C001E4657 /* ViewModel */ = {
			isa = PBXGroup;
			children = (
			);
			path = ViewModel;
			sourceTree = "<group>";
		};
		3152606C24098560001E4657 /* Model */ = {
			isa = PBXGroup;
			children = (
			);
			path = Model;
			sourceTree = "<group>";
		};
		3152606D24098564001E4657 /* Service */ = {
			isa = PBXGroup;
			children = (
			);
			path = Service;
			sourceTree = "<group>";
		};
		315260732409876E001E4657 /* Keys */ = {
			isa = PBXGroup;
			children = (
			);
			path = Keys;
			sourceTree = "<group>";
		};
/* End PBXGroup section */

/* Begin PBXNativeTarget section */
		3152602B24097797001E4657 /* JavaKeywords */ = {
			isa = PBXNativeTarget;
			buildConfigurationList = 315260562409779C001E4657 /* Build configuration list for PBXNativeTarget "JavaKeywords" */;
			buildPhases = (
				3152602824097797001E4657 /* Sources */,
				3152602924097797001E4657 /* Frameworks */,
				3152602A24097797001E4657 /* Resources */,
			);
			buildRules = (
			);
			dependencies = (
			);
			name = JavaKeywords;
			productName = JavaKeywords;
			productReference = 3152602C24097797001E4657 /* JavaKeywords.app */;
			productType = "com.apple.product-type.application";
		};
		315260412409779C001E4657 /* JavaKeywordsTests */ = {
			isa = PBXNativeTarget;
			buildConfigurationList = 315260592409779C001E4657 /* Build configuration list for PBXNativeTarget "JavaKeywordsTests" */;
			buildPhases = (
				3152603E2409779C001E4657 /* Sources */,
				3152603F2409779C001E4657 /* Frameworks */,
				315260402409779C001E4657 /* Resources */,
			);
			buildRules = (
			);
			dependencies = (
				315260442409779C001E4657 /* PBXTargetDependency */,
			);
			name = JavaKeywordsTests;
			productName = JavaKeywordsTests;
			productReference = 315260422409779C001E4657 /* JavaKeywordsTests.xctest */;
			productType = "com.apple.product-type.bundle.unit-test";
		};
		3152604C2409779C001E4657 /* JavaKeywordsUITests */ = {
			isa = PBXNativeTarget;
			buildConfigurationList = 3152605C2409779C001E4657 /* Build configuration list for PBXNativeTarget "JavaKeywordsUITests" */;
			buildPhases = (
				315260492409779C001E4657 /* Sources */,
				3152604A2409779C001E4657 /* Frameworks */,
				3152604B2409779C001E4657 /* Resources */,
			);
			buildRules = (
			);
			dependencies = (
				3152604F2409779C001E4657 /* PBXTargetDependency */,
			);
			name = JavaKeywordsUITests;
			productName = JavaKeywordsUITests;
			productReference = 3152604D2409779C001E4657 /* JavaKeywordsUITests.xctest */;
			productType = "com.apple.product-type.bundle.ui-testing";
		};
/* End PBXNativeTarget section */

/* Begin PBXProject section */
		3152602424097797001E4657 /* Project object */ = {
			isa = PBXProject;
			attributes = {
				LastSwiftUpdateCheck = 1130;
				LastUpgradeCheck = 1130;
				ORGANIZATIONNAME = "Gabriel Conte";
				TargetAttributes = {
					3152602B24097797001E4657 = {
						CreatedOnToolsVersion = 11.3.1;
					};
					315260412409779C001E4657 = {
						CreatedOnToolsVersion = 11.3.1;
						TestTargetID = 3152602B24097797001E4657;
					};
					3152604C2409779C001E4657 = {
						CreatedOnToolsVersion = 11.3.1;
						TestTargetID = 3152602B24097797001E4657;
					};
				};
			};
			buildConfigurationList = 3152602724097797001E4657 /* Build configuration list for PBXProject "JavaKeywords" */;
			compatibilityVersion = "Xcode 9.3";
			developmentRegion = en;
			hasScannedForEncodings = 0;
			knownRegions = (
				en,
				Base,
			);
			mainGroup = 3152602324097797001E4657;
			productRefGroup = 3152602D24097797001E4657 /* Products */;
			projectDirPath = "";
			projectRoot = "";
			targets = (
				3152602B24097797001E4657 /* JavaKeywords */,
				315260412409779C001E4657 /* JavaKeywordsTests */,
				3152604C2409779C001E4657 /* JavaKeywordsUITests */,
			);
		};
/* End PBXProject section */

/* Begin PBXResourcesBuildPhase section */
		3152602A24097797001E4657 /* Resources */ = {
			isa = PBXResourcesBuildPhase;
			buildActionMask = 2147483647;
			files = (
				31526072240986F9001E4657 /* KeywordsViewController.xib in Resources */,
				3152603C2409779C001E4657 /* LaunchScreen.storyboard in Resources */,
				315260392409779C001E4657 /* Assets.xcassets in Resources */,
			);
			runOnlyForDeploymentPostprocessing = 0;
		};
		315260402409779C001E4657 /* Resources */ = {
			isa = PBXResourcesBuildPhase;
			buildActionMask = 2147483647;
			files = (
			);
			runOnlyForDeploymentPostprocessing = 0;
		};
		3152604B2409779C001E4657 /* Resources */ = {
			isa = PBXResourcesBuildPhase;
			buildActionMask = 2147483647;
			files = (
			);
			runOnlyForDeploymentPostprocessing = 0;
		};
/* End PBXResourcesBuildPhase section */

/* Begin PBXSourcesBuildPhase section */
		3152602824097797001E4657 /* Sources */ = {
			isa = PBXSourcesBuildPhase;
			buildActionMask = 2147483647;
			files = (
				31526071240986F9001E4657 /* KeywordsViewController.swift in Sources */,
				3152606624098158001E4657 /* Coordinator.swift in Sources */,
				3152603024097797001E4657 /* AppDelegate.swift in Sources */,
				315260682409816D001E4657 /* MainCoordinator.swift in Sources */,
				3152603224097797001E4657 /* SceneDelegate.swift in Sources */,
			);
			runOnlyForDeploymentPostprocessing = 0;
		};
		3152603E2409779C001E4657 /* Sources */ = {
			isa = PBXSourcesBuildPhase;
			buildActionMask = 2147483647;
			files = (
				315260472409779C001E4657 /* JavaKeywordsTests.swift in Sources */,
			);
			runOnlyForDeploymentPostprocessing = 0;
		};
		315260492409779C001E4657 /* Sources */ = {
			isa = PBXSourcesBuildPhase;
			buildActionMask = 2147483647;
			files = (
				315260522409779C001E4657 /* JavaKeywordsUITests.swift in Sources */,
			);
			runOnlyForDeploymentPostprocessing = 0;
		};
/* End PBXSourcesBuildPhase section */

/* Begin PBXTargetDependency section */
		315260442409779C001E4657 /* PBXTargetDependency */ = {
			isa = PBXTargetDependency;
			target = 3152602B24097797001E4657 /* JavaKeywords */;
			targetProxy = 315260432409779C001E4657 /* PBXContainerItemProxy */;
		};
		3152604F2409779C001E4657 /* PBXTargetDependency */ = {
			isa = PBXTargetDependency;
			target = 3152602B24097797001E4657 /* JavaKeywords */;
			targetProxy = 3152604E2409779C001E4657 /* PBXContainerItemProxy */;
		};
/* End PBXTargetDependency section */

/* Begin PBXVariantGroup section */
		3152603A2409779C001E4657 /* LaunchScreen.storyboard */ = {
			isa = PBXVariantGroup;
			children = (
				3152603B2409779C001E4657 /* Base */,
			);
			name = LaunchScreen.storyboard;
			sourceTree = "<group>";
		};
/* End PBXVariantGroup section */

/* Begin XCBuildConfiguration section */
		315260542409779C001E4657 /* Debug */ = {
			isa = XCBuildConfiguration;
			buildSettings = {
				ALWAYS_SEARCH_USER_PATHS = NO;
				CLANG_ANALYZER_NONNULL = YES;
				CLANG_ANALYZER_NUMBER_OBJECT_CONVERSION = YES_AGGRESSIVE;
				CLANG_CXX_LANGUAGE_STANDARD = "gnu++14";
				CLANG_CXX_LIBRARY = "libc++";
				CLANG_ENABLE_MODULES = YES;
				CLANG_ENABLE_OBJC_ARC = YES;
				CLANG_ENABLE_OBJC_WEAK = YES;
				CLANG_WARN_BLOCK_CAPTURE_AUTORELEASING = YES;
				CLANG_WARN_BOOL_CONVERSION = YES;
				CLANG_WARN_COMMA = YES;
				CLANG_WARN_CONSTANT_CONVERSION = YES;
				CLANG_WARN_DEPRECATED_OBJC_IMPLEMENTATIONS = YES;
				CLANG_WARN_DIRECT_OBJC_ISA_USAGE = YES_ERROR;
				CLANG_WARN_DOCUMENTATION_COMMENTS = YES;
				CLANG_WARN_EMPTY_BODY = YES;
				CLANG_WARN_ENUM_CONVERSION = YES;
				CLANG_WARN_INFINITE_RECURSION = YES;
				CLANG_WARN_INT_CONVERSION = YES;
				CLANG_WARN_NON_LITERAL_NULL_CONVERSION = YES;
				CLANG_WARN_OBJC_IMPLICIT_RETAIN_SELF = YES;
				CLANG_WARN_OBJC_LITERAL_CONVERSION = YES;
				CLANG_WARN_OBJC_ROOT_CLASS = YES_ERROR;
				CLANG_WARN_RANGE_LOOP_ANALYSIS = YES;
				CLANG_WARN_STRICT_PROTOTYPES = YES;
				CLANG_WARN_SUSPICIOUS_MOVE = YES;
				CLANG_WARN_UNGUARDED_AVAILABILITY = YES_AGGRESSIVE;
				CLANG_WARN_UNREACHABLE_CODE = YES;
				CLANG_WARN__DUPLICATE_METHOD_MATCH = YES;
				COPY_PHASE_STRIP = NO;
				DEBUG_INFORMATION_FORMAT = dwarf;
				ENABLE_STRICT_OBJC_MSGSEND = YES;
				ENABLE_TESTABILITY = YES;
				GCC_C_LANGUAGE_STANDARD = gnu11;
				GCC_DYNAMIC_NO_PIC = NO;
				GCC_NO_COMMON_BLOCKS = YES;
				GCC_OPTIMIZATION_LEVEL = 0;
				GCC_PREPROCESSOR_DEFINITIONS = (
					"DEBUG=1",
					"$(inherited)",
				);
				GCC_WARN_64_TO_32_BIT_CONVERSION = YES;
				GCC_WARN_ABOUT_RETURN_TYPE = YES_ERROR;
				GCC_WARN_UNDECLARED_SELECTOR = YES;
				GCC_WARN_UNINITIALIZED_AUTOS = YES_AGGRESSIVE;
				GCC_WARN_UNUSED_FUNCTION = YES;
				GCC_WARN_UNUSED_VARIABLE = YES;
				IPHONEOS_DEPLOYMENT_TARGET = 13.2;
				MTL_ENABLE_DEBUG_INFO = INCLUDE_SOURCE;
				MTL_FAST_MATH = YES;
				ONLY_ACTIVE_ARCH = YES;
				SDKROOT = iphoneos;
				SWIFT_ACTIVE_COMPILATION_CONDITIONS = DEBUG;
				SWIFT_OPTIMIZATION_LEVEL = "-Onone";
			};
			name = Debug;
		};
		315260552409779C001E4657 /* Release */ = {
			isa = XCBuildConfiguration;
			buildSettings = {
				ALWAYS_SEARCH_USER_PATHS = NO;
				CLANG_ANALYZER_NONNULL = YES;
				CLANG_ANALYZER_NUMBER_OBJECT_CONVERSION = YES_AGGRESSIVE;
				CLANG_CXX_LANGUAGE_STANDARD = "gnu++14";
				CLANG_CXX_LIBRARY = "libc++";
				CLANG_ENABLE_MODULES = YES;
				CLANG_ENABLE_OBJC_ARC = YES;
				CLANG_ENABLE_OBJC_WEAK = YES;
				CLANG_WARN_BLOCK_CAPTURE_AUTORELEASING = YES;
				CLANG_WARN_BOOL_CONVERSION = YES;
				CLANG_WARN_COMMA = YES;
				CLANG_WARN_CONSTANT_CONVERSION = YES;
				CLANG_WARN_DEPRECATED_OBJC_IMPLEMENTATIONS = YES;
				CLANG_WARN_DIRECT_OBJC_ISA_USAGE = YES_ERROR;
				CLANG_WARN_DOCUMENTATION_COMMENTS = YES;
				CLANG_WARN_EMPTY_BODY = YES;
				CLANG_WARN_ENUM_CONVERSION = YES;
				CLANG_WARN_INFINITE_RECURSION = YES;
				CLANG_WARN_INT_CONVERSION = YES;
				CLANG_WARN_NON_LITERAL_NULL_CONVERSION = YES;
				CLANG_WARN_OBJC_IMPLICIT_RETAIN_SELF = YES;
				CLANG_WARN_OBJC_LITERAL_CONVERSION = YES;
				CLANG_WARN_OBJC_ROOT_CLASS = YES_ERROR;
				CLANG_WARN_RANGE_LOOP_ANALYSIS = YES;
				CLANG_WARN_STRICT_PROTOTYPES = YES;
				CLANG_WARN_SUSPICIOUS_MOVE = YES;
				CLANG_WARN_UNGUARDED_AVAILABILITY = YES_AGGRESSIVE;
				CLANG_WARN_UNREACHABLE_CODE = YES;
				CLANG_WARN__DUPLICATE_METHOD_MATCH = YES;
				COPY_PHASE_STRIP = NO;
				DEBUG_INFORMATION_FORMAT = "dwarf-with-dsym";
				ENABLE_NS_ASSERTIONS = NO;
				ENABLE_STRICT_OBJC_MSGSEND = YES;
				GCC_C_LANGUAGE_STANDARD = gnu11;
				GCC_NO_COMMON_BLOCKS = YES;
				GCC_WARN_64_TO_32_BIT_CONVERSION = YES;
				GCC_WARN_ABOUT_RETURN_TYPE = YES_ERROR;
				GCC_WARN_UNDECLARED_SELECTOR = YES;
				GCC_WARN_UNINITIALIZED_AUTOS = YES_AGGRESSIVE;
				GCC_WARN_UNUSED_FUNCTION = YES;
				GCC_WARN_UNUSED_VARIABLE = YES;
				IPHONEOS_DEPLOYMENT_TARGET = 13.2;
				MTL_ENABLE_DEBUG_INFO = NO;
				MTL_FAST_MATH = YES;
				SDKROOT = iphoneos;
				SWIFT_COMPILATION_MODE = wholemodule;
				SWIFT_OPTIMIZATION_LEVEL = "-O";
				VALIDATE_PRODUCT = YES;
			};
			name = Release;
		};
		315260572409779C001E4657 /* Debug */ = {
			isa = XCBuildConfiguration;
			buildSettings = {
				ASSETCATALOG_COMPILER_APPICON_NAME = AppIcon;
				CODE_SIGN_STYLE = Automatic;
				DEVELOPMENT_TEAM = 2HR54FA3Z7;
				INFOPLIST_FILE = JavaKeywords/Info.plist;
				LD_RUNPATH_SEARCH_PATHS = (
					"$(inherited)",
					"@executable_path/Frameworks",
				);
				PRODUCT_BUNDLE_IDENTIFIER = gabrielcontee.JavaKeywords;
				PRODUCT_NAME = "$(TARGET_NAME)";
				SWIFT_VERSION = 5.0;
				TARGETED_DEVICE_FAMILY = "1,2";
			};
			name = Debug;
		};
		315260582409779C001E4657 /* Release */ = {
			isa = XCBuildConfiguration;
			buildSettings = {
				ASSETCATALOG_COMPILER_APPICON_NAME = AppIcon;
				CODE_SIGN_STYLE = Automatic;
				DEVELOPMENT_TEAM = 2HR54FA3Z7;
				INFOPLIST_FILE = JavaKeywords/Info.plist;
				LD_RUNPATH_SEARCH_PATHS = (
					"$(inherited)",
					"@executable_path/Frameworks",
				);
				PRODUCT_BUNDLE_IDENTIFIER = gabrielcontee.JavaKeywords;
				PRODUCT_NAME = "$(TARGET_NAME)";
				SWIFT_VERSION = 5.0;
				TARGETED_DEVICE_FAMILY = "1,2";
			};
			name = Release;
		};
		3152605A2409779C001E4657 /* Debug */ = {
			isa = XCBuildConfiguration;
			buildSettings = {
				ALWAYS_EMBED_SWIFT_STANDARD_LIBRARIES = YES;
				BUNDLE_LOADER = "$(TEST_HOST)";
				CODE_SIGN_STYLE = Automatic;
				DEVELOPMENT_TEAM = 2HR54FA3Z7;
				INFOPLIST_FILE = JavaKeywordsTests/Info.plist;
				IPHONEOS_DEPLOYMENT_TARGET = 13.2;
				LD_RUNPATH_SEARCH_PATHS = (
					"$(inherited)",
					"@executable_path/Frameworks",
					"@loader_path/Frameworks",
				);
				PRODUCT_BUNDLE_IDENTIFIER = gabrielcontee.JavaKeywordsTests;
				PRODUCT_NAME = "$(TARGET_NAME)";
				SWIFT_VERSION = 5.0;
				TARGETED_DEVICE_FAMILY = "1,2";
				TEST_HOST = "$(BUILT_PRODUCTS_DIR)/JavaKeywords.app/JavaKeywords";
			};
			name = Debug;
		};
		3152605B2409779C001E4657 /* Release */ = {
			isa = XCBuildConfiguration;
			buildSettings = {
				ALWAYS_EMBED_SWIFT_STANDARD_LIBRARIES = YES;
				BUNDLE_LOADER = "$(TEST_HOST)";
				CODE_SIGN_STYLE = Automatic;
				DEVELOPMENT_TEAM = 2HR54FA3Z7;
				INFOPLIST_FILE = JavaKeywordsTests/Info.plist;
				IPHONEOS_DEPLOYMENT_TARGET = 13.2;
				LD_RUNPATH_SEARCH_PATHS = (
					"$(inherited)",
					"@executable_path/Frameworks",
					"@loader_path/Frameworks",
				);
				PRODUCT_BUNDLE_IDENTIFIER = gabrielcontee.JavaKeywordsTests;
				PRODUCT_NAME = "$(TARGET_NAME)";
				SWIFT_VERSION = 5.0;
				TARGETED_DEVICE_FAMILY = "1,2";
				TEST_HOST = "$(BUILT_PRODUCTS_DIR)/JavaKeywords.app/JavaKeywords";
			};
			name = Release;
		};
		3152605D2409779C001E4657 /* Debug */ = {
			isa = XCBuildConfiguration;
			buildSettings = {
				ALWAYS_EMBED_SWIFT_STANDARD_LIBRARIES = YES;
				CODE_SIGN_STYLE = Automatic;
				DEVELOPMENT_TEAM = 2HR54FA3Z7;
				INFOPLIST_FILE = JavaKeywordsUITests/Info.plist;
				LD_RUNPATH_SEARCH_PATHS = (
					"$(inherited)",
					"@executable_path/Frameworks",
					"@loader_path/Frameworks",
				);
				PRODUCT_BUNDLE_IDENTIFIER = gabrielcontee.JavaKeywordsUITests;
				PRODUCT_NAME = "$(TARGET_NAME)";
				SWIFT_VERSION = 5.0;
				TARGETED_DEVICE_FAMILY = "1,2";
				TEST_TARGET_NAME = JavaKeywords;
			};
			name = Debug;
		};
		3152605E2409779C001E4657 /* Release */ = {
			isa = XCBuildConfiguration;
			buildSettings = {
				ALWAYS_EMBED_SWIFT_STANDARD_LIBRARIES = YES;
				CODE_SIGN_STYLE = Automatic;
				DEVELOPMENT_TEAM = 2HR54FA3Z7;
				INFOPLIST_FILE = JavaKeywordsUITests/Info.plist;
				LD_RUNPATH_SEARCH_PATHS = (
					"$(inherited)",
					"@executable_path/Frameworks",
					"@loader_path/Frameworks",
				);
				PRODUCT_BUNDLE_IDENTIFIER = gabrielcontee.JavaKeywordsUITests;
				PRODUCT_NAME = "$(TARGET_NAME)";
				SWIFT_VERSION = 5.0;
				TARGETED_DEVICE_FAMILY = "1,2";
				TEST_TARGET_NAME = JavaKeywords;
			};
			name = Release;
		};
/* End XCBuildConfiguration section */

/* Begin XCConfigurationList section */
		3152602724097797001E4657 /* Build configuration list for PBXProject "JavaKeywords" */ = {
			isa = XCConfigurationList;
			buildConfigurations = (
				315260542409779C001E4657 /* Debug */,
				315260552409779C001E4657 /* Release */,
			);
			defaultConfigurationIsVisible = 0;
			defaultConfigurationName = Release;
		};
		315260562409779C001E4657 /* Build configuration list for PBXNativeTarget "JavaKeywords" */ = {
			isa = XCConfigurationList;
			buildConfigurations = (
				315260572409779C001E4657 /* Debug */,
				315260582409779C001E4657 /* Release */,
			);
			defaultConfigurationIsVisible = 0;
			defaultConfigurationName = Release;
		};
		315260592409779C001E4657 /* Build configuration list for PBXNativeTarget "JavaKeywordsTests" */ = {
			isa = XCConfigurationList;
			buildConfigurations = (
				3152605A2409779C001E4657 /* Debug */,
				3152605B2409779C001E4657 /* Release */,
			);
			defaultConfigurationIsVisible = 0;
			defaultConfigurationName = Release;
		};
		3152605C2409779C001E4657 /* Build configuration list for PBXNativeTarget "JavaKeywordsUITests" */ = {
			isa = XCConfigurationList;
			buildConfigurations = (
				3152605D2409779C001E4657 /* Debug */,
				3152605E2409779C001E4657 /* Release */,
			);
			defaultConfigurationIsVisible = 0;
			defaultConfigurationName = Release;
		};
/* End XCConfigurationList section */
	};
	rootObject = 3152602424097797001E4657 /* Project object */;
}
